
Microsoft Visual Studio Solution File, Format Version 12.00
# Visual Studio Version 17
VisualStudioVersion = 17.4.33213.308
MinimumVisualStudioVersion = 10.0.40219.1
Project("{888888A0-9F3D-457C-B088-3A5042F75D52}") = "Praktiline töö Palgad", "Praktiline töö Palgad.pyproj", "{63F99F75-D42B-4E73-B10C-EEA5B96329C4}"
EndProject
Global
	GlobalSection(SolutionConfigurationPlatforms) = preSolution
		Debug|Any CPU = Debug|Any CPU
		Release|Any CPU = Release|Any CPU
	EndGlobalSection
	GlobalSection(ProjectConfigurationPlatforms) = postSolution
		{63F99F75-D42B-4E73-B10C-EEA5B96329C4}.Debug|Any CPU.ActiveCfg = Debug|Any CPU
		{63F99F75-D42B-4E73-B10C-EEA5B96329C4}.Release|Any CPU.ActiveCfg = Release|Any CPU
	EndGlobalSection
	GlobalSection(SolutionProperties) = preSolution
		HideSolutionNode = FALSE
	EndGlobalSection
	GlobalSection(ExtensibilityGlobals) = postSolution
		SolutionGuid = {BDBDA54A-2A43-4EBB-8E1D-F96F0F6770D6}
	EndGlobalSection
EndGlobal
